version: 6
environments:
  default:
    channels:
    - url: https://conda.anaconda.org/conda-forge/
    indexes:
    - https://pypi.org/simple
    options:
      pypi-prerelease-mode: if-necessary-or-explicit
    packages:
      win-64:
      - conda: https://conda.anaconda.org/conda-forge/win-64/_openmp_mutex-4.5-20_gnu.conda
      - conda: https://conda.anaconda.org/conda-forge/win-64/bzip2-1.0.8-h0ad9c76_9.conda
      - conda: https://conda.anaconda.org/conda-forge/noarch/ca-certificates-2026.6.17-h4c7d964_0.conda
      - conda: https://conda.anaconda.org/conda-forge/win-64/lcms2-2.19.1-hf2c6c5f_1.conda
      - conda: https://conda.anaconda.org/conda-forge/win-64/lerc-4.1.0-hd936e49_0.conda
      - conda: https://conda.anaconda.org/conda-forge/win-64/libdeflate-1.25-h51727cc_0.conda
      - conda: https://conda.anaconda.org/conda-forge/win-64/libexpat-2.8.1-hac47afa_1.conda
      - conda: https://conda.anaconda.org/conda-forge/win-64/libffi-3.5.2-h3d046cb_0.conda
      - conda: https://conda.anaconda.org/conda-forge/win-64/libfreetype-2.14.3-h57928b3_1.conda
      - conda: https://conda.anaconda.org/conda-forge/win-64/libfreetype6-2.14.3-hdbac1cb_1.conda
      - conda: https://conda.anaconda.org/conda-forge/win-64/libgcc-15.2.0-h8ee18e1_19.conda
      - conda: https://conda.anaconda.org/conda-forge/win-64/libgomp-15.2.0-h8ee18e1_19.conda
      - conda: https://conda.anaconda.org/conda-forge/win-64/libjpeg-turbo-3.1.4.1-hfd05255_0.conda
      - conda: https://conda.anaconda.org/conda-forge/win-64/liblzma-5.8.3-hfd05255_0.conda
      - conda: https://conda.anaconda.org/conda-forge/win-64/libmpdec-4.0.0-hfd05255_1.conda
      - conda: https://conda.anaconda.org/conda-forge/win-64/libpng-1.6.58-h7351971_0.conda
      - conda: https://conda.anaconda.org/conda-forge/win-64/libsqlite-3.53.3-hf5d6505_0.conda
      - conda: https://conda.anaconda.org/conda-forge/win-64/libtiff-4.7.2-h8f73337_0.conda
      - conda: https://conda.anaconda.org/conda-forge/win-64/libwebp-base-1.6.0-h4d5522a_0.conda
      - conda: https://conda.anaconda.org/conda-forge/win-64/libwinpthread-12.0.0.r4.gg4f2fc60ca-h57928b3_10.conda
      - conda: https://conda.anaconda.org/conda-forge/win-64/libxcb-1.17.0-h0e4246c_0.conda
      - conda: https://conda.anaconda.org/conda-forge/win-64/libzlib-1.3.2-hfd05255_2.conda
      - conda: https://conda.anaconda.org/conda-forge/noarch/mouseinfo-0.1.3-pyhd8ed1ab_1.conda
      - conda: https://conda.anaconda.org/conda-forge/win-64/openjpeg-2.5.4-h0e57b4f_0.conda
      - conda: https://conda.anaconda.org/conda-forge/win-64/openssl-3.6.3-hf411b9b_0.conda
      - conda: https://conda.anaconda.org/conda-forge/win-64/pillow-12.3.0-py314h61b30b5_0.conda
      - conda: https://conda.anaconda.org/conda-forge/win-64/pthread-stubs-0.4-h0e40799_1002.conda
      - conda: https://conda.anaconda.org/conda-forge/win-64/pyautogui-0.9.54-py314h86ab7b2_5.conda
      - conda: https://conda.anaconda.org/conda-forge/win-64/pygetwindow-0.0.9-py314h86ab7b2_5.conda
      - conda: https://conda.anaconda.org/conda-forge/noarch/pymsgbox-2.0.1-pyhd8ed1ab_0.conda
      - conda: https://conda.anaconda.org/conda-forge/noarch/pyperclip-1.11.0-pyh7428d3b_0.conda
      - conda: https://conda.anaconda.org/conda-forge/noarch/pyrect-0.2.0-pyhd8ed1ab_1.conda
      - conda: https://conda.anaconda.org/conda-forge/noarch/pyscreeze-1.0.1-pyhff2d567_0.conda
      - conda: https://conda.anaconda.org/conda-forge/win-64/python-3.14.6-h4b44e0e_100_cp314.conda
      - conda: https://conda.anaconda.org/conda-forge/noarch/python-xlib-0.33-pyhff2d567_1.conda
      - conda: https://conda.anaconda.org/conda-forge/noarch/python_abi-3.14-8_cp314.conda
      - conda: https://conda.anaconda.org/conda-forge/noarch/pytweening-1.2.0-pyhd8ed1ab_1.conda
      - conda: https://conda.anaconda.org/conda-forge/noarch/rubicon-objc-0.5.6-pyhcf101f3_0.conda
      - conda: https://conda.anaconda.org/conda-forge/noarch/six-1.17.0-pyhe01879c_1.conda
      - conda: https://conda.anaconda.org/conda-forge/win-64/tk-8.6.13-h6ed50ae_3.conda
      - conda: https://conda.anaconda.org/conda-forge/noarch/tzdata-2025c-hc9c84f9_1.conda
      - conda: https://conda.anaconda.org/conda-forge/win-64/ucrt-10.0.26100.0-h57928b3_0.conda
      - conda: https://conda.anaconda.org/conda-forge/win-64/vc-14.5-h1b7c187_39.conda
      - conda: https://conda.anaconda.org/conda-forge/win-64/vc14_runtime-14.51.36231-h1b9f54f_39.conda
      - conda: https://conda.anaconda.org/conda-forge/win-64/vcomp14-14.51.36231-h1b9f54f_39.conda
      - conda: https://conda.anaconda.org/conda-forge/win-64/xorg-libxau-1.0.12-hba3369d_1.conda
      - conda: https://conda.anaconda.org/conda-forge/win-64/xorg-libxdmcp-1.1.5-hba3369d_1.conda
      - conda: https://conda.anaconda.org/conda-forge/win-64/zlib-ng-2.3.3-h0261ad2_1.conda
      - conda: https://conda.anaconda.org/conda-forge/win-64/zstd-1.5.7-h534d264_6.conda
      - pypi: https://files.pythonhosted.org/packages/78/b6/6307fbef88d9b5ee7421e68d78a9f162e0da4900bc5f5793f6d3d0e34fb8/annotated_types-0.7.0-py3-none-any.whl
      - pypi: https://files.pythonhosted.org/packages/b0/7b/90df4a0a816d98d6ea26f559d87836d494a2cf1fcf063be67df50a7bcc30/anyio-4.14.1-py3-none-any.whl
      - pypi: https://files.pythonhosted.org/packages/ef/2f/c5464532e965badff2f4c4c1a3a83f5697f0d7c407ed0cda44aaa99bb451/certifi-2026.6.17-py3-none-any.whl
      - pypi: https://files.pythonhosted.org/packages/04/4b/29cac41a4d98d144bf5f6d33995617b185d14b22401f75ca86f384e87ff1/h11-0.16.0-py3-none-any.whl
      - pypi: https://files.pythonhosted.org/packages/7e/f5/f66802a942d491edb555dd61e3a9961140fd64c90bce1eafd741609d334d/httpcore-1.0.9-py3-none-any.whl
      - pypi: https://files.pythonhosted.org/packages/2a/39/e50c7c3a983047577ee07d2a9e53faf5a69493943ec3f6a384bdc792deb2/httpx-0.28.1-py3-none-any.whl
      - pypi: https://files.pythonhosted.org/packages/1e/5e/d4e9f1a599fb8e573b7b87160658329fbf28d19eac2718f51fc3def3aa5a/idna-3.18-py3-none-any.whl
      - pypi: https://files.pythonhosted.org/packages/c4/ab/d6722beeb2d10f7a3b9ff49375708904fde18f82b5609a0bc4aeb5996a4d/ollama-0.6.2-py3-none-any.whl
      - pypi: https://files.pythonhosted.org/packages/fd/7b/122376b1fd3c62c1ed9dc80c931ace4844b3c55407b6fb2d199377c9736f/pydantic-2.13.4-py3-none-any.whl
      - pypi: https://files.pythonhosted.org/packages/fc/b6/6b8de4c0a7d7ab3004c439c80c5c1e0a3e8d78bbae19379b01960383d9e5/pydantic_core-2.46.4-cp314-cp314-win_amd64.whl
      - pypi: https://files.pythonhosted.org/packages/49/d3/b8441a820a491ddfc024b0b0cf0393375b75ea13866d9c66727e54c2fc80/typing_extensions-4.16.0-py3-none-any.whl
      - pypi: https://files.pythonhosted.org/packages/dc/9b/47798a6c91d8bdb567fe2698fe81e0c6b7cb7ef4d13da4114b41d239f65d/typing_inspection-0.4.2-py3-none-any.whl
      - pypi: ./
packages:
- conda: https://conda.anaconda.org/conda-forge/win-64/_openmp_mutex-4.5-20_gnu.conda
  build_number: 20
  sha256: 8a1cee28bd0ee7451ada1cd50b64720e57e17ff994fc62dd8329bef570d382e4
  md5: 1626967b574d1784b578b52eaeb071e7
  depends:
  - libgomp >=7.5.0
  - libwinpthread >=12.0.0.r4.gg4f2fc60ca
  constrains:
  - openmp_impl <0.0a0
  - msys2-conda-epoch <0.0a0
  license: BSD-3-Clause
  license_family: BSD
  purls: []
  size: 52252
  timestamp: 1770943776666
- pypi: https://files.pythonhosted.org/packages/78/b6/6307fbef88d9b5ee7421e68d78a9f162e0da4900bc5f5793f6d3d0e34fb8/annotated_types-0.7.0-py3-none-any.whl
  name: annotated-types
  version: 0.7.0
  sha256: 1f02e8b43a8fbbc3f3e0d4f0f4bfc8131bcb4eebe8849b8e5c773f3a1c582a53
  requires_dist:
  - typing-extensions>=4.0.0 ; python_full_version < '3.9'
  requires_python: '>=3.8'
- pypi: https://files.pythonhosted.org/packages/b0/7b/90df4a0a816d98d6ea26f559d87836d494a2cf1fcf063be67df50a7bcc30/anyio-4.14.1-py3-none-any.whl
  name: anyio
  version: 4.14.1
  sha256: 4e5533c5b8ff0a24f5d7a176cbe6877129cd183893f66b537f8f227d10527d72
  requires_dist:
  - exceptiongroup>=1.0.2 ; python_full_version < '3.11'
  - idna>=2.8
  - typing-extensions>=4.5 ; python_full_version < '3.13'
  - trio>=0.32.0 ; extra == 'trio'
  requires_python: '>=3.10'
- conda: https://conda.anaconda.org/conda-forge/win-64/bzip2-1.0.8-h0ad9c76_9.conda
  sha256: 76dfb71df5e8d1c4eded2dbb5ba15bb8fb2e2b0fe42d94145d5eed4c75c35902
  md5: 4cb8e6b48f67de0b018719cdf1136306
  depends:
  - ucrt >=10.0.20348.0
  - vc >=14.3,<15
  - vc14_runtime >=14.44.35208
  license: bzip2-1.0.6
  license_family: BSD
  purls: []
  size: 56115
  timestamp: 1771350256444
- conda: https://conda.anaconda.org/conda-forge/noarch/ca-certificates-2026.6.17-h4c7d964_0.conda
  sha256: 7f458e4a82514d7bebbfef23d92817794a16aaf1c748a15f04870d4fb49aeab2
  md5: b9696b2cf00dfeec138c70cee38ed192
  depends:
  - __win
  license: ISC
  purls: []
  size: 129352
  timestamp: 1781709016515
- pypi: https://files.pythonhosted.org/packages/ef/2f/c5464532e965badff2f4c4c1a3a83f5697f0d7c407ed0cda44aaa99bb451/certifi-2026.6.17-py3-none-any.whl
  name: certifi
  version: 2026.6.17
  sha256: 2227dcbaafe0d2f59279d1762ddddc37783ed4354594f194ffc31d20f41fc3db
  requires_python: '>=3.7'
- pypi: https://files.pythonhosted.org/packages/04/4b/29cac41a4d98d144bf5f6d33995617b185d14b22401f75ca86f384e87ff1/h11-0.16.0-py3-none-any.whl
  name: h11
  version: 0.16.0
  sha256: 63cf8bbe7522de3bf65932fda1d9c2772064ffb3dae62d55932da54b31cb6c86
  requires_python: '>=3.8'
- pypi: https://files.pythonhosted.org/packages/7e/f5/f66802a942d491edb555dd61e3a9961140fd64c90bce1eafd741609d334d/httpcore-1.0.9-py3-none-any.whl
  name: httpcore
  version: 1.0.9
  sha256: 2d400746a40668fc9dec9810239072b40b4484b640a8c38fd654a024c7a1bf55
  requires_dist:
  - certifi
  - h11>=0.16
  - anyio>=4.0,<5.0 ; extra == 'asyncio'
  - h2>=3,<5 ; extra == 'http2'
  - socksio==1.* ; extra == 'socks'
  - trio>=0.22.0,<1.0 ; extra == 'trio'
  requires_python: '>=3.8'
- pypi: https://files.pythonhosted.org/packages/2a/39/e50c7c3a983047577ee07d2a9e53faf5a69493943ec3f6a384bdc792deb2/httpx-0.28.1-py3-none-any.whl
  name: httpx
  version: 0.28.1
  sha256: d909fcccc110f8c7faf814ca82a9a4d816bc5a6dbfea25d6591d6985b8ba59ad
  requires_dist:
  - anyio
  - certifi
  - httpcore==1.*
  - idna
  - brotli ; platform_python_implementation == 'CPython' and extra == 'brotli'
  - brotlicffi ; platform_python_implementation != 'CPython' and extra == 'brotli'
  - click==8.* ; extra == 'cli'
  - pygments==2.* ; extra == 'cli'
  - rich>=10,<14 ; extra == 'cli'
  - h2>=3,<5 ; extra == 'http2'
  - socksio==1.* ; extra == 'socks'
  - zstandard>=0.18.0 ; extra == 'zstd'
  requires_python: '>=3.8'
- pypi: https://files.pythonhosted.org/packages/1e/5e/d4e9f1a599fb8e573b7b87160658329fbf28d19eac2718f51fc3def3aa5a/idna-3.18-py3-none-any.whl
  name: idna
  version: '3.18'
  sha256: 7f952cbe720b688055e3f87de14f5c3e5fdaa8bc3928985c4077ca689de849a2
  requires_dist:
  - ruff>=0.6.2 ; extra == 'all'
  - mypy>=1.11.2 ; extra == 'all'
  - pytest>=8.3.2 ; extra == 'all'
  requires_python: '>=3.9'
- conda: https://conda.anaconda.org/conda-forge/win-64/lcms2-2.19.1-hf2c6c5f_1.conda
  sha256: 5ed63a32639a130564a870becb679fd52dfb816666a61ed3c023917389010480
  md5: 1df4012c8a2478699d07bc26af66d41e
  depends:
  - libjpeg-turbo >=3.1.4.1,<4.0a0
  - libtiff >=4.7.1,<4.8.0a0
  - ucrt >=10.0.20348.0
  - vc >=14.3,<15
  - vc14_runtime >=14.44.35208
  license: MIT
  license_family: MIT
  purls: []
  size: 523194
  timestamp: 1780211799997
- conda: https://conda.anaconda.org/conda-forge/win-64/lerc-4.1.0-hd936e49_0.conda
  sha256: 45df58fca800b552b17c3914cc9ab0d55a82c5172d72b5c44a59c710c06c5473
  md5: 54b231d595bc1ff9bff668dd443ee012
  depends:
  - ucrt >=10.0.20348.0
  - vc >=14.3,<15
  - vc14_runtime >=14.44.35208
  license: Apache-2.0
  license_family: Apache
  purls: []
  size: 172395
  timestamp: 1773113455582
- conda: https://conda.anaconda.org/conda-forge/win-64/libdeflate-1.25-h51727cc_0.conda
  sha256: 834e4881a18b690d5ec36f44852facd38e13afe599e369be62d29bd675f107ee
  md5: e77030e67343e28b084fabd7db0ce43e
  depends:
  - ucrt >=10.0.20348.0
  - vc >=14.3,<15
  - vc14_runtime >=14.44.35208
  license: MIT
  license_family: MIT
  purls: []
  size: 156818
  timestamp: 1761979842440
- conda: https://conda.anaconda.org/conda-forge/win-64/libexpat-2.8.1-hac47afa_1.conda
  sha256: 1a54d874addda73b6f7164d5f3905821277a1831bcc05edd74b3085391688571
  md5: ccc490c81ffe14181861beac0e8f3169
  depends:
  - ucrt >=10.0.20348.0
  - vc >=14.3,<15
  - vc14_runtime >=14.44.35208
  constrains:
  - expat 2.8.1.*
  license: MIT
  license_family: MIT
  purls: []
  size: 71631
  timestamp: 1781203724164
- conda: https://conda.anaconda.org/conda-forge/win-64/libffi-3.5.2-h3d046cb_0.conda
  sha256: 59d01f2dfa8b77491b5888a5ab88ff4e1574c9359f7e229da254cdfe27ddc190
  md5: 720b39f5ec0610457b725eb3f396219a
  depends:
  - ucrt >=10.0.20348.0
  - vc >=14.3,<15
  - vc14_runtime >=14.44.35208
  license: MIT
  license_family: MIT
  purls: []
  size: 45831
  timestamp: 1769456418774
- conda: https://conda.anaconda.org/conda-forge/win-64/libfreetype-2.14.3-h57928b3_1.conda
  sha256: 035d0c67bf9f7a16f4a1764f420c120f1a995d071bb265fcc66ef688ef709d7b
  md5: e45b52fb9a81c9e2708465a706e05952
  depends:
  - libfreetype6 >=2.14.3
  license: GPL-2.0-only OR FTL
  purls: []
  size: 8711
  timestamp: 1780934891782
- conda: https://conda.anaconda.org/conda-forge/win-64/libfreetype6-2.14.3-hdbac1cb_1.conda
  sha256: 0bbd19c9f7c4d0232b31892e6a4d1f82b8d19d1b84d89725f1f491b336447758
  md5: 4e4d54f9f98383d977ba56ef39ebf46d
  depends:
  - libpng >=1.6.58,<1.7.0a0
  - libzlib >=1.3.2,<2.0a0
  - ucrt >=10.0.20348.0
  - vc >=14.3,<15
  - vc14_runtime >=14.44.35208
  constrains:
  - freetype >=2.14.3
  license: GPL-2.0-only OR FTL
  purls: []
  size: 340411
  timestamp: 1780934813224
- conda: https://conda.anaconda.org/conda-forge/win-64/libgcc-15.2.0-h8ee18e1_19.conda
  sha256: 80e80ef5e31b00b12539db3c5aaecde60dab91381abfc1060e323d5c3b016dce
  md5: cc5d690fc1c629038f13c68e88e65f44
  depends:
  - _openmp_mutex >=4.5
  - libwinpthread >=12.0.0.r4.gg4f2fc60ca
  constrains:
  - msys2-conda-epoch <0.0a0
  - libgcc-ng ==15.2.0=*_19
  - libgomp 15.2.0 h8ee18e1_19
  license: GPL-3.0-only WITH GCC-exception-3.1
  license_family: GPL
  purls: []
  size: 821854
  timestamp: 1778273037795
- conda: https://conda.anaconda.org/conda-forge/win-64/libgomp-15.2.0-h8ee18e1_19.conda
  sha256: 4dc958ced2fc7f42bc675b07e2c9abe3e150875ffdf62ca551d94fc6facf1fd7
  md5: f1147651e3fdd585e2f442c0c2fc8f2d
  depends:
  - libwinpthread >=12.0.0.r4.gg4f2fc60ca
  constrains:
  - msys2-conda-epoch <0.0a0
  license: GPL-3.0-only WITH GCC-exception-3.1
  license_family: GPL
  purls: []
  size: 664640
  timestamp: 1778272979661
- conda: https://conda.anaconda.org/conda-forge/win-64/libjpeg-turbo-3.1.4.1-hfd05255_0.conda
  sha256: 698d57b5b90120270eaa401298319fcb25ea186ae95b340c2f4813ed9171083d
  md5: 25a127bad5470852b30b239f030ec95b
  depends:
  - ucrt >=10.0.20348.0
  - vc >=14.3,<15
  - vc14_runtime >=14.44.35208
  constrains:
  - jpeg <0.0.0a
  license: IJG AND BSD-3-Clause AND Zlib
  purls: []
  size: 842806
  timestamp: 1775962811457
- conda: https://conda.anaconda.org/conda-forge/win-64/liblzma-5.8.3-hfd05255_0.conda
  sha256: d636d1a25234063642f9c531a7bb58d84c1c496411280a36ea000bd122f078f1
  md5: 8f83619ab1588b98dd99c90b0bfc5c6d
  depends:
  - ucrt >=10.0.20348.0
  - vc >=14.3,<15
  - vc14_runtime >=14.44.35208
  constrains:
  - xz 5.8.3.*
  license: 0BSD
  purls: []
  size: 106486
  timestamp: 1775825663227
- conda: https://conda.anaconda.org/conda-forge/win-64/libmpdec-4.0.0-hfd05255_1.conda
  sha256: 40dcd0b9522a6e0af72a9db0ced619176e7cfdb114855c7a64f278e73f8a7514
  md5: e4a9fc2bba3b022dad998c78856afe47
  depends:
  - ucrt >=10.0.20348.0
  - vc >=14.3,<15
  - vc14_runtime >=14.44.35208
  license: BSD-2-Clause
  license_family: BSD
  purls: []
  size: 89411
  timestamp: 1769482314283
- conda: https://conda.anaconda.org/conda-forge/win-64/libpng-1.6.58-h7351971_0.conda
  sha256: 218913aeee391460bd0e341b834dbd9c6fa6ae0a4276c0c300266cc99a816a28
  md5: 52f1280563f3b48b5f75414cd2d15dd1
  depends:
  - vc >=14.3,<15
  - vc14_runtime >=14.44.35208
  - ucrt >=10.0.20348.0
  - libzlib >=1.3.2,<2.0a0
  license: zlib-acknowledgement
  purls: []
  size: 385227
  timestamp: 1776315248638
- conda: https://conda.anaconda.org/conda-forge/win-64/libsqlite-3.53.3-hf5d6505_0.conda
  sha256: 692dfb73a22c873656d5e393b8f1e2b019a3c8a6486c97cb6900552e64e38c25
  md5: 051f1b2228e7517a2ef8cca5146c8967
  depends:
  - ucrt >=10.0.20348.0
  - vc >=14.3,<15
  - vc14_runtime >=14.44.35208
  license: blessing
  purls: []
  size: 1315909
  timestamp: 1782519131898
- conda: https://conda.anaconda.org/conda-forge/win-64/libtiff-4.7.2-h8f73337_0.conda
  sha256: ec6d66308a6d6abaf3225f2f185113e6172e77eb0fa8622af982d7a5d6d47a2c
  md5: e83f459471905a04ebe15e21d063c49d
  depends:
  - lerc >=4.1.0,<5.0a0
  - libdeflate >=1.25,<1.26.0a0
  - libjpeg-turbo >=3.1.4.1,<4.0a0
  - liblzma >=5.8.3,<6.0a0
  - libzlib >=1.3.2,<2.0a0
  - ucrt >=10.0.20348.0
  - vc >=14.3,<15
  - vc14_runtime >=14.44.35208
  - zstd >=1.5.7,<1.6.0a0
  license: HPND
  purls: []
  size: 1014598
  timestamp: 1783085017197
- conda: https://conda.anaconda.org/conda-forge/win-64/libwebp-base-1.6.0-h4d5522a_0.conda
  sha256: 7b6316abfea1007e100922760e9b8c820d6fc19df3f42fb5aca684cfacb31843
  md5: f9bbae5e2537e3b06e0f7310ba76c893
  depends:
  - ucrt >=10.0.20348.0
  - vc >=14.3,<15
  - vc14_runtime >=14.44.35208
  constrains:
  - libwebp 1.6.0
  license: BSD-3-Clause
  license_family: BSD
  purls: []
  size: 279176
  timestamp: 1752159543911
- conda: https://conda.anaconda.org/conda-forge/win-64/libwinpthread-12.0.0.r4.gg4f2fc60ca-h57928b3_10.conda
  sha256: 0fccf2d17026255b6e10ace1f191d0a2a18f2d65088fd02430be17c701f8ffe0
  md5: 8a86073cf3b343b87d03f41790d8b4e5
  depends:
  - ucrt
  constrains:
  - pthreads-win32 <0.0a0
  - msys2-conda-epoch <0.0a0
  license: MIT AND BSD-3-Clause-Clear
  purls: []
  size: 36621
  timestamp: 1759768399557
- conda: https://conda.anaconda.org/conda-forge/win-64/libxcb-1.17.0-h0e4246c_0.conda
  sha256: 08dec73df0e161c96765468847298a420933a36bc4f09b50e062df8793290737
  md5: a69bbf778a462da324489976c84cfc8c
  depends:
  - libgcc >=13
  - libwinpthread >=12.0.0.r4.gg4f2fc60ca
  - pthread-stubs
  - ucrt >=10.0.20348.0
  - xorg-libxau >=1.0.11,<2.0a0
  - xorg-libxdmcp
  license: MIT
  license_family: MIT
  purls: []
  size: 1208687
  timestamp: 1727279378819
- conda: https://conda.anaconda.org/conda-forge/win-64/libzlib-1.3.2-hfd05255_2.conda
  sha256: 88609816e0cc7452bac637aaf65783e5edf4fee8a9f8e22bdc3a75882c536061
  md5: dbabbd6234dea34040e631f87676292f
  depends:
  - ucrt >=10.0.20348.0
  - vc >=14.3,<15
  - vc14_runtime >=14.44.35208
  constrains:
  - zlib 1.3.2 *_2
  license: Zlib
  license_family: Other
  purls: []
  size: 58347
  timestamp: 1774072851498
- conda: https://conda.anaconda.org/conda-forge/noarch/mouseinfo-0.1.3-pyhd8ed1ab_1.conda
  sha256: 808329da23f5dea59669cfe0f5d187cadd56d612e4f899a60e71409f485b8b38
  md5: b06e78a1caf3263513e83331862f668b
  depends:
  - pillow >=4.0.0
  - pyperclip
  - python >=3.9
  - python-xlib
  - rubicon-objc
  license: GPL-3.0-or-later
  license_family: GPL
  purls:
  - pkg:pypi/mouseinfo?source=hash-mapping
  size: 39111
  timestamp: 1735589075508
- pypi: https://files.pythonhosted.org/packages/c4/ab/d6722beeb2d10f7a3b9ff49375708904fde18f82b5609a0bc4aeb5996a4d/ollama-0.6.2-py3-none-any.whl
  name: ollama
  version: 0.6.2
  sha256: 3ad7daab28e5a973445c36a73882a3ef698c2ebb00e21e308652741577509f7d
  requires_dist:
  - httpx>=0.27
  - pydantic>=2.9
  requires_python: '>=3.8'
- conda: https://conda.anaconda.org/conda-forge/win-64/openjpeg-2.5.4-h0e57b4f_0.conda
  sha256: 24342dee891a49a9ba92e2018ec0bde56cc07fdaec95275f7a55b96f03ea4252
  md5: e723ab7cc2794c954e1b22fde51c16e4
  depends:
  - libpng >=1.6.55,<1.7.0a0
  - libtiff >=4.7.1,<4.8.0a0
  - libzlib >=1.3.1,<2.0a0
  - ucrt >=10.0.20348.0
  - vc >=14.3,<15
  - vc14_runtime >=14.44.35208
  license: BSD-2-Clause
  license_family: BSD
  purls: []
  size: 245594
  timestamp: 1772624841727
- conda: https://conda.anaconda.org/conda-forge/win-64/openssl-3.6.3-hf411b9b_0.conda
  sha256: cb6e7ba0d010ee0d3249ce9886de3d7613d26d9965d4c95666fa66b9c4c31001
  md5: e99f95734a326c0fd4d02bbd995150d4
  depends:
  - ca-certificates
  - ucrt >=10.0.20348.0
  - vc >=14.3,<15
  - vc14_runtime >=14.44.35208
  license: Apache-2.0
  license_family: Apache
  purls: []
  size: 9414790
  timestamp: 1781071745579
- conda: https://conda.anaconda.org/conda-forge/win-64/pillow-12.3.0-py314h61b30b5_0.conda
  sha256: c9dc3212ed0021974541072ee3765a5097a0721191c34ee485d7d7e94449648f
  md5: 09b8e6ac8f4a257b59e5d3025f3c9c1d
  depends:
  - python
  - vc >=14.3,<15
  - vc14_runtime >=14.44.35208
  - ucrt >=10.0.20348.0
  - python_abi 3.14.* *_cp314
  - libfreetype >=2.14.3
  - libfreetype6 >=2.14.3
  - libwebp-base >=1.6.0,<2.0a0
  - libtiff >=4.7.1,<4.8.0a0
  - openjpeg >=2.5.4,<3.0a0
  - lcms2 >=2.19.1,<3.0a0
  - libxcb >=1.17.0,<2.0a0
  - libjpeg-turbo >=3.1.4.1,<4.0a0
  - tk >=8.6.13,<8.7.0a0
  - zlib-ng >=2.3.3,<2.4.0a0
  license: HPND
  purls:
  - pkg:pypi/pillow?source=compressed-mapping
  size: 989058
  timestamp: 1782912129930
- conda: https://conda.anaconda.org/conda-forge/win-64/pthread-stubs-0.4-h0e40799_1002.conda
  sha256: 7e446bafb4d692792310ed022fe284e848c6a868c861655a92435af7368bae7b
  md5: 3c8f2573569bb816483e5cf57efbbe29
  depends:
  - libgcc >=13
  - libwinpthread >=12.0.0.r4.gg4f2fc60ca
  - ucrt >=10.0.20348.0
  license: MIT
  license_family: MIT
  purls: []
  size: 9389
  timestamp: 1726802555076
- conda: https://conda.anaconda.org/conda-forge/win-64/pyautogui-0.9.54-py314h86ab7b2_5.conda
  sha256: 4f57bf74c1a2981e9a719919607644b952731181048fe686475a4873015f3f5e
  md5: e2c326dce4d6f84b30d30d9dbd45edcf
  depends:
  - mouseinfo
  - pygetwindow >=0.0.5
  - pymsgbox
  - pyscreeze >=0.1.21
  - python >=3.14,<3.15.0a0
  - python_abi 3.14.* *_cp314
  - pytweening >=1.0.4
  license: BSD-3-Clause
  license_family: BSD
  purls:
  - pkg:pypi/pyautogui?source=hash-mapping
  size: 81994
  timestamp: 1779139070087
- pypi: https://files.pythonhosted.org/packages/fd/7b/122376b1fd3c62c1ed9dc80c931ace4844b3c55407b6fb2d199377c9736f/pydantic-2.13.4-py3-none-any.whl
  name: pydantic
  version: 2.13.4
  sha256: 45a282cde31d808236fd7ea9d919b128653c8b38b393d1c4ab335c62924d9aba
  requires_dist:
  - annotated-types>=0.6.0
  - pydantic-core==2.46.4
  - typing-extensions>=4.14.1
  - typing-inspection>=0.4.2
  - email-validator>=2.0.0 ; extra == 'email'
  - tzdata ; python_full_version >= '3.9' and sys_platform == 'win32' and extra == 'timezone'
  requires_python: '>=3.9'
- pypi: https://files.pythonhosted.org/packages/fc/b6/6b8de4c0a7d7ab3004c439c80c5c1e0a3e8d78bbae19379b01960383d9e5/pydantic_core-2.46.4-cp314-cp314-win_amd64.whl
  name: pydantic-core
  version: 2.46.4
  sha256: 811ff8e9c313ab425368bcbb36e5c4ebd7108c2bbf4e4089cfbb0b01eff63fac
  requires_dist:
  - typing-extensions>=4.14.1
  requires_python: '>=3.9'
- conda: https://conda.anaconda.org/conda-forge/win-64/pygetwindow-0.0.9-py314h86ab7b2_5.conda
  sha256: e12119908087db84141ebbb36191364b4fed9edca33fadc05081b6bc2ce8de0b
  md5: b70c9e402d3a845b6c03054a8ce8d374
  depends:
  - pyrect
  - python >=3.14,<3.15.0a0
  - python_abi 3.14.* *_cp314
  license: BSD-3-Clause
  license_family: BSD
  purls:
  - pkg:pypi/pygetwindow?source=hash-mapping
  size: 28775
  timestamp: 1779129094744
- conda: https://conda.anaconda.org/conda-forge/noarch/pymsgbox-2.0.1-pyhd8ed1ab_0.conda
  sha256: 968b882cd7b04e6a5a1d5e05a6a9f834d4cf954492adce7cc0c0596bd0c4ed09
  md5: a578be3f06a94df24e6812e104366055
  depends:
  - python >=3.10
  license: BSD-3-Clause
  license_family: BSD
  purls:
  - pkg:pypi/pymsgbox?source=hash-mapping
  size: 14882
  timestamp: 1757420333595
- conda: https://conda.anaconda.org/conda-forge/noarch/pyperclip-1.11.0-pyh7428d3b_0.conda
  sha256: 4c45cfde1f904a8b85450bb9803391dc4f2d658ecbdafa2313289e2dc3c8480a
  md5: 66b53fbb78773cd282164fcf08878957
  depends:
  - __win
  - python >=3.10
  license: BSD-3-Clause
  license_family: BSD
  purls:
  - pkg:pypi/pyperclip?source=hash-mapping
  size: 17362
  timestamp: 1758906942340
- conda: https://conda.anaconda.org/conda-forge/noarch/pyrect-0.2.0-pyhd8ed1ab_1.conda
  sha256: 79da401842aa1dd56d0cd3271c2d226df103f9ff0933d1c0d9bff6e747d4fd47
  md5: 1409ced904db64c8bb0a1257c87e2acb
  depends:
  - python >=3.9
  license: BSD-3-Clause
  license_family: BSD
  purls:
  - pkg:pypi/pyrect?source=hash-mapping
  size: 16389
  timestamp: 1735226578485
- conda: https://conda.anaconda.org/conda-forge/noarch/pyscreeze-1.0.1-pyhff2d567_0.conda
  sha256: 54bfd7925b5b435be3cf280a3762f0eb89a7c83e1ce8a097a9a478ae764ff72f
  md5: 371ef5297af516057a255f1c9543e564
  depends:
  - pillow >=9.2.0
  - python >=3.9
  license: BSD-3-Clause
  license_family: BSD
  purls:
  - pkg:pypi/pyscreeze?source=hash-mapping
  size: 19460
  timestamp: 1731948148131
- conda: https://conda.anaconda.org/conda-forge/win-64/python-3.14.6-h4b44e0e_100_cp314.conda
  build_number: 100
  sha256: f1acb89cb1a6bec9a94ae9f8e7411839de009cd64d3ac6a6aec4f3d8a481099a
  md5: 8333e3ca6f8d1ebcd30b678dd53f0a25
  depends:
  - bzip2 >=1.0.8,<2.0a0
  - libexpat >=2.8.1,<3.0a0
  - libffi >=3.5.2,<3.6.0a0
  - liblzma >=5.8.3,<6.0a0
  - libmpdec >=4.0.0,<5.0a0
  - libsqlite >=3.53.2,<4.0a0
  - libzlib >=1.3.2,<2.0a0
  - openssl >=3.5.7,<4.0a0
  - python_abi 3.14.* *_cp314
  - tk >=8.6.13,<8.7.0a0
  - tzdata
  - ucrt >=10.0.20348.0
  - vc >=14.3,<15
  - vc14_runtime >=14.44.35208
  - zstd >=1.5.7,<1.6.0a0
  license: Python-2.0
  purls: []
  size: 18481352
  timestamp: 1781256034828
  python_site_packages_path: Lib/site-packages
- conda: https://conda.anaconda.org/conda-forge/noarch/python-xlib-0.33-pyhff2d567_1.conda
  sha256: fb743969f4281b93830f0e35dc375feee65f1d34af7629d5934027bb8cdb97bd
  md5: 1adabe28079a10fca260f9439ae8e3a8
  depends:
  - python >=3.9
  - six >=1.10.0
  license: LGPL-2.1-or-later
  purls:
  - pkg:pypi/python-xlib?source=hash-mapping
  size: 138101
  timestamp: 1734617825181
- conda: https://conda.anaconda.org/conda-forge/noarch/python_abi-3.14-8_cp314.conda
  build_number: 8
  sha256: ad6d2e9ac39751cc0529dd1566a26751a0bf2542adb0c232533d32e176e21db5
  md5: 0539938c55b6b1a59b560e843ad864a4
  constrains:
  - python 3.14.* *_cp314
  license: BSD-3-Clause
  license_family: BSD
  purls: []
  size: 6989
  timestamp: 1752805904792
- conda: https://conda.anaconda.org/conda-forge/noarch/pytweening-1.2.0-pyhd8ed1ab_1.conda
  sha256: 652f793b30521a42b9e5d40879a00736685781a6569e3144ce9336574cc6cdb4
  md5: b6a78a43fe35f0fd259e19639bac7117
  depends:
  - python >=3.9
  license: BSD-3-Clause
  license_family: BSD
  purls:
  - pkg:pypi/pytweening?source=hash-mapping
  size: 13569
  timestamp: 1735140119516
- conda: https://conda.anaconda.org/conda-forge/noarch/rubicon-objc-0.5.6-pyhcf101f3_0.conda
  sha256: ed6529b4cbae45180c08654df38a05d1328c621c9afb82adf85e7ba600704bab
  md5: 14525bef207b1fd73e0189837b721c30
  depends:
  - python >=3.10
  - python
  license: BSD-3-Clause
  license_family: BSD
  purls:
  - pkg:pypi/rubicon-objc?source=hash-mapping
  size: 63008
  timestamp: 1783099189229
- conda: https://conda.anaconda.org/conda-forge/noarch/six-1.17.0-pyhe01879c_1.conda
  sha256: 458227f759d5e3fcec5d9b7acce54e10c9e1f4f4b7ec978f3bfd54ce4ee9853d
  md5: 3339e3b65d58accf4ca4fb8748ab16b3
  depends:
  - python >=3.9
  - python
  license: MIT
  license_family: MIT
  purls:
  - pkg:pypi/six?source=hash-mapping
  size: 18455
  timestamp: 1753199211006
- conda: https://conda.anaconda.org/conda-forge/win-64/tk-8.6.13-h6ed50ae_3.conda
  sha256: 0e79810fae28f3b69fe7391b0d43f5474d6bd91d451d5f2bde02f55ae481d5e3
  md5: 0481bfd9814bf525bd4b3ee4b51494c4
  depends:
  - ucrt >=10.0.20348.0
  - vc >=14.3,<15
  - vc14_runtime >=14.44.35208
  license: TCL
  license_family: BSD
  purls: []
  size: 3526350
  timestamp: 1769460339384
- pypi: https://files.pythonhosted.org/packages/49/d3/b8441a820a491ddfc024b0b0cf0393375b75ea13866d9c66727e54c2fc80/typing_extensions-4.16.0-py3-none-any.whl
  name: typing-extensions
  version: 4.16.0
  sha256: 481caa481374e813c1b176ada14e97f1f67a4539ce9cfeb3f350d78d6370c2e8
  requires_python: '>=3.9'
- pypi: https://files.pythonhosted.org/packages/dc/9b/47798a6c91d8bdb567fe2698fe81e0c6b7cb7ef4d13da4114b41d239f65d/typing_inspection-0.4.2-py3-none-any.whl
  name: typing-inspection
  version: 0.4.2
  sha256: 4ed1cacbdc298c220f1bd249ed5287caa16f34d44ef4e9c3d0cbad5b521545e7
  requires_dist:
  - typing-extensions>=4.12.0
  requires_python: '>=3.9'
- conda: https://conda.anaconda.org/conda-forge/noarch/tzdata-2025c-hc9c84f9_1.conda
  sha256: 1d30098909076af33a35017eed6f2953af1c769e273a0626a04722ac4acaba3c
  md5: ad659d0a2b3e47e38d829aa8cad2d610
  license: LicenseRef-Public-Domain
  purls: []
  size: 119135
  timestamp: 1767016325805
- conda: https://conda.anaconda.org/conda-forge/win-64/ucrt-10.0.26100.0-h57928b3_0.conda
  sha256: 3005729dce6f3d3f5ec91dfc49fc75a0095f9cd23bab49efb899657297ac91a5
  md5: 71b24316859acd00bdb8b38f5e2ce328
  constrains:
  - vc14_runtime >=14.29.30037
  - vs2015_runtime >=14.29.30037
  license: LicenseRef-MicrosoftWindowsSDK10
  purls: []
  size: 694692
  timestamp: 1756385147981
- conda: https://conda.anaconda.org/conda-forge/win-64/vc-14.5-h1b7c187_39.conda
  sha256: 17693b60cb54f80c60275f003f3bfc1b128af56dbfd65c4fae37c64eeb755ce1
  md5: 2eacea63f545b97342da520df6854276
  depends:
  - vc14_runtime >=14.51.36231
  track_features:
  - vc14
  license: BSD-3-Clause
  license_family: BSD
  purls: []
  size: 20362
  timestamp: 1781320968457
- conda: https://conda.anaconda.org/conda-forge/win-64/vc14_runtime-14.51.36231-h1b9f54f_39.conda
  sha256: 8153ed849c92e891eacac0f2f8d7ecb79f9b5fd7f7917fbb896f252a60a40390
  md5: 06a5bf5a1ca16cce0df6eaa91fc42bc2
  depends:
  - ucrt >=10.0.20348.0
  - vcomp14 14.51.36231 h1b9f54f_39
  constrains:
  - vs2015_runtime 14.51.36231.* *_39
  license: LicenseRef-MicrosoftVisualCpp2015-2022Runtime
  license_family: Proprietary
  purls: []
  size: 737434
  timestamp: 1781320964561
- conda: https://conda.anaconda.org/conda-forge/win-64/vcomp14-14.51.36231-h1b9f54f_39.conda
  sha256: 07fb14713c4bc62e2533a2e23a363abfb0e65650681fba0ae4c840e2219350f3
  md5: 8b53a83fda40ec679e4d63fa32fae989
  depends:
  - ucrt >=10.0.20348.0
  constrains:
  - vs2015_runtime 14.51.36231.* *_39
  license: LicenseRef-MicrosoftVisualCpp2015-2022Runtime
  license_family: Proprietary
  purls: []
  size: 120684
  timestamp: 1781320948530
- pypi: ./
  name: virtual-livechat
  version: 0.1.0
  sha256: 5199aba2a4c6f3f3ab1036663a0e2996681f01517c4502af189460363c083ada
  requires_dist:
  - ollama>=0.6.2,<0.7
  requires_python: '>=3.11'
- conda: https://conda.anaconda.org/conda-forge/win-64/xorg-libxau-1.0.12-hba3369d_1.conda
  sha256: 156a583fa43609507146de1c4926172286d92458c307bb90871579601f6bc568
  md5: 8436cab9a76015dfe7208d3c9f97c156
  depends:
  - libgcc >=14
  - libwinpthread >=12.0.0.r4.gg4f2fc60ca
  - ucrt >=10.0.20348.0
  license: MIT
  license_family: MIT
  purls: []
  size: 109246
  timestamp: 1762977105140
- conda: https://conda.anaconda.org/conda-forge/win-64/xorg-libxdmcp-1.1.5-hba3369d_1.conda
  sha256: 366b8ae202c3b48958f0b8784bbfdc37243d3ee1b1cd4b8e76c10abe41fa258b
  md5: a7c03e38aa9c0e84d41881b9236eacfb
  depends:
  - libgcc >=14
  - libwinpthread >=12.0.0.r4.gg4f2fc60ca
  - ucrt >=10.0.20348.0
  license: MIT
  license_family: MIT
  purls: []
  size: 70691
  timestamp: 1762977015220
- conda: https://conda.anaconda.org/conda-forge/win-64/zlib-ng-2.3.3-h0261ad2_1.conda
  sha256: 71332532332d13b5dbe57074ddcf82ae711bdc132affa5a2982a29ffa06dc234
  md5: 46a21c0a4e65f1a135251fc7c8663f83
  depends:
  - ucrt >=10.0.20348.0
  - vc >=14.3,<15
  - vc14_runtime >=14.44.35208
  license: Zlib
  license_family: Other
  purls: []
  size: 124542
  timestamp: 1770167984883
- conda: https://conda.anaconda.org/conda-forge/win-64/zstd-1.5.7-h534d264_6.conda
  sha256: 368d8628424966fd8f9c8018326a9c779e06913dd39e646cf331226acc90e5b2
  md5: 053b84beec00b71ea8ff7a4f84b55207
  depends:
  - vc >=14.3,<15
  - vc14_runtime >=14.44.35208
  - ucrt >=10.0.20348.0
  - libzlib >=1.3.1,<2.0a0
  license: BSD-3-Clause
  license_family: BSD
  purls: []
  size: 388453
  timestamp: 1764777142545
